
Microsoft Visual Studio Solution File, Format Version 12.00
# Visual Studio Version 17
VisualStudioVersion = 17.7.34221.43
MinimumVisualStudioVersion = 10.0.40219.1
Project("{FAE04EC0-301F-11D3-BF4B-00C04F79EFBC}") = "PP-Uke4", "PP-Uke4.csproj", "{D184DB69-3B82-4A72-9C1A-2D02B2EDB671}"
EndProject
Global
	GlobalSection(SolutionConfigurationPlatforms) = preSolution
		Debug|Any CPU = Debug|Any CPU
		Release|Any CPU = Release|Any CPU
	EndGlobalSection
	GlobalSection(ProjectConfigurationPlatforms) = postSolution
		{D184DB69-3B82-4A72-9C1A-2D02B2EDB671}.Debug|Any CPU.ActiveCfg = Debug|Any CPU
		{D184DB69-3B82-4A72-9C1A-2D02B2EDB671}.Debug|Any CPU.Build.0 = Debug|Any CPU
		{D184DB69-3B82-4A72-9C1A-2D02B2EDB671}.Release|Any CPU.ActiveCfg = Release|Any CPU
		{D184DB69-3B82-4A72-9C1A-2D02B2EDB671}.Release|Any CPU.Build.0 = Release|Any CPU
	EndGlobalSection
	GlobalSection(SolutionProperties) = preSolution
		HideSolutionNode = FALSE
	EndGlobalSection
	GlobalSection(ExtensibilityGlobals) = postSolution
		SolutionGuid = {58DEFD46-0612-4ADA-A604-E97FE95F0477}
	EndGlobalSection
EndGlobal
